// !$*UTF8*$!
{
	archiveVersion = 1;
	classes = {
	};
	objectVersion = 56;
	objects = {

/* Begin PBXBuildFile section */
		9A37856629B336F7000F4860 /* SeoulBikeMapApp.swift in Sources */ = {isa = PBXBuildFile; fileRef = 9A37856529B336F7000F4860 /* SeoulBikeMapApp.swift */; };
		9A37856A29B336F8000F4860 /* Assets.xcassets in Resources */ = {isa = PBXBuildFile; fileRef = 9A37856929B336F8000F4860 /* Assets.xcassets */; };
		9A37856D29B336F8000F4860 /* Preview Assets.xcassets in Resources */ = {isa = PBXBuildFile; fileRef = 9A37856C29B336F8000F4860 /* Preview Assets.xcassets */; };
		9A37857E29B33D4F000F4860 /* BikeStation.swift in Sources */ = {isa = PBXBuildFile; fileRef = 9A37857D29B33D4F000F4860 /* BikeStation.swift */; };
		9A37858029B33DED000F4860 /* BikeStationAPIResponse.swift in Sources */ = {isa = PBXBuildFile; fileRef = 9A37857F29B33DED000F4860 /* BikeStationAPIResponse.swift */; };
		9A37858229B33E2A000F4860 /* BikeStationAPI.swift in Sources */ = {isa = PBXBuildFile; fileRef = 9A37858129B33E2A000F4860 /* BikeStationAPI.swift */; };
		9A37858429B33F66000F4860 /* BikeStationNetwork.swift in Sources */ = {isa = PBXBuildFile; fileRef = 9A37858329B33F66000F4860 /* BikeStationNetwork.swift */; };
		9A37858629B3408F000F4860 /* SelectRegionView.swift in Sources */ = {isa = PBXBuildFile; fileRef = 9A37858529B3408F000F4860 /* SelectRegionView.swift */; };
		9A37858A29B340B2000F4860 /* SelectRegionViewModel.swift in Sources */ = {isa = PBXBuildFile; fileRef = 9A37858929B340B2000F4860 /* SelectRegionViewModel.swift */; };
		9A37858C29B3444F000F4860 /* SelectRegionItem.swift in Sources */ = {isa = PBXBuildFile; fileRef = 9A37858B29B3444F000F4860 /* SelectRegionItem.swift */; };
		9A37858F29B3478F000F4860 /* BikeStationRow.swift in Sources */ = {isa = PBXBuildFile; fileRef = 9A37858E29B3478F000F4860 /* BikeStationRow.swift */; };
		9A37859129B34BFE000F4860 /* BikeStationList.swift in Sources */ = {isa = PBXBuildFile; fileRef = 9A37859029B34BFE000F4860 /* BikeStationList.swift */; };
		9A37859329B35707000F4860 /* MapView.swift in Sources */ = {isa = PBXBuildFile; fileRef = 9A37859229B35707000F4860 /* MapView.swift */; };
		9A37859529B3592B000F4860 /* BikeStationDetailView.swift in Sources */ = {isa = PBXBuildFile; fileRef = 9A37859429B3592B000F4860 /* BikeStationDetailView.swift */; };
/* End PBXBuildFile section */

/* Begin PBXFileReference section */
		9A37856229B336F7000F4860 /* SeoulBikeMap.app */ = {isa = PBXFileReference; explicitFileType = wrapper.application; includeInIndex = 0; path = SeoulBikeMap.app; sourceTree = BUILT_PRODUCTS_DIR; };
		9A37856529B336F7000F4860 /* SeoulBikeMapApp.swift */ = {isa = PBXFileReference; lastKnownFileType = sourcecode.swift; path = SeoulBikeMapApp.swift; sourceTree = "<group>"; };
		9A37856929B336F8000F4860 /* Assets.xcassets */ = {isa = PBXFileReference; lastKnownFileType = folder.assetcatalog; path = Assets.xcassets; sourceTree = "<group>"; };
		9A37856C29B336F8000F4860 /* Preview Assets.xcassets */ = {isa = PBXFileReference; lastKnownFileType = folder.assetcatalog; path = "Preview Assets.xcassets"; sourceTree = "<group>"; };
		9A37857D29B33D4F000F4860 /* BikeStation.swift */ = {isa = PBXFileReference; lastKnownFileType = sourcecode.swift; path = BikeStation.swift; sourceTree = "<group>"; };
		9A37857F29B33DED000F4860 /* BikeStationAPIResponse.swift */ = {isa = PBXFileReference; lastKnownFileType = sourcecode.swift; path = BikeStationAPIResponse.swift; sourceTree = "<group>"; };
		9A37858129B33E2A000F4860 /* BikeStationAPI.swift */ = {isa = PBXFileReference; lastKnownFileType = sourcecode.swift; path = BikeStationAPI.swift; sourceTree = "<group>"; };
		9A37858329B33F66000F4860 /* BikeStationNetwork.swift */ = {isa = PBXFileReference; lastKnownFileType = sourcecode.swift; path = BikeStationNetwork.swift; sourceTree = "<group>"; };
		9A37858529B3408F000F4860 /* SelectRegionView.swift */ = {isa = PBXFileReference; lastKnownFileType = sourcecode.swift; path = SelectRegionView.swift; sourceTree = "<group>"; };
		9A37858929B340B2000F4860 /* SelectRegionViewModel.swift */ = {isa = PBXFileReference; lastKnownFileType = sourcecode.swift; path = SelectRegionViewModel.swift; sourceTree = "<group>"; };
		9A37858B29B3444F000F4860 /* SelectRegionItem.swift */ = {isa = PBXFileReference; lastKnownFileType = sourcecode.swift; path = SelectRegionItem.swift; sourceTree = "<group>"; };
		9A37858E29B3478F000F4860 /* BikeStationRow.swift */ = {isa = PBXFileReference; lastKnownFileType = sourcecode.swift; path = BikeStationRow.swift; sourceTree = "<group>"; };
		9A37859029B34BFE000F4860 /* BikeStationList.swift */ = {isa = PBXFileReference; lastKnownFileType = sourcecode.swift; path = BikeStationList.swift; sourceTree = "<group>"; };
		9A37859229B35707000F4860 /* MapView.swift */ = {isa = PBXFileReference; lastKnownFileType = sourcecode.swift; path = MapView.swift; sourceTree = "<group>"; };
		9A37859429B3592B000F4860 /* BikeStationDetailView.swift */ = {isa = PBXFileReference; lastKnownFileType = sourcecode.swift; path = BikeStationDetailView.swift; sourceTree = "<group>"; };
		9A37859629B3616E000F4860 /* Info.plist */ = {isa = PBXFileReference; lastKnownFileType = text.plist; path = Info.plist; sourceTree = "<group>"; };
/* End PBXFileReference section */

/* Begin PBXFrameworksBuildPhase section */
		9A37855F29B336F7000F4860 /* Frameworks */ = {
			isa = PBXFrameworksBuildPhase;
			buildActionMask = 2147483647;
			files = (
			);
			runOnlyForDeploymentPostprocessing = 0;
		};
/* End PBXFrameworksBuildPhase section */

/* Begin PBXGroup section */
		9A37855929B336F7000F4860 = {
			isa = PBXGroup;
			children = (
				9A37856429B336F7000F4860 /* SeoulBikeMap */,
				9A37856329B336F7000F4860 /* Products */,
			);
			sourceTree = "<group>";
		};
		9A37856329B336F7000F4860 /* Products */ = {
			isa = PBXGroup;
			children = (
				9A37856229B336F7000F4860 /* SeoulBikeMap.app */,
			);
			name = Products;
			sourceTree = "<group>";
		};
		9A37856429B336F7000F4860 /* SeoulBikeMap */ = {
			isa = PBXGroup;
			children = (
				9A37859629B3616E000F4860 /* Info.plist */,
				9A37856529B336F7000F4860 /* SeoulBikeMapApp.swift */,
				9A37857A29B338DE000F4860 /* Network */,
				9A37857729B33780000F4860 /* Entities */,
				9A37858D29B34536000F4860 /* Presentation */,
				9A37856929B336F8000F4860 /* Assets.xcassets */,
				9A37856B29B336F8000F4860 /* Preview Content */,
			);
			path = SeoulBikeMap;
			sourceTree = "<group>";
		};
		9A37856B29B336F8000F4860 /* Preview Content */ = {
			isa = PBXGroup;
			children = (
				9A37856C29B336F8000F4860 /* Preview Assets.xcassets */,
			);
			path = "Preview Content";
			sourceTree = "<group>";
		};
		9A37857729B33780000F4860 /* Entities */ = {
			isa = PBXGroup;
			children = (
				9A37857F29B33DED000F4860 /* BikeStationAPIResponse.swift */,
				9A37857D29B33D4F000F4860 /* BikeStation.swift */,
			);
			path = Entities;
			sourceTree = "<group>";
		};
		9A37857A29B338DE000F4860 /* Network */ = {
			isa = PBXGroup;
			children = (
				9A37858129B33E2A000F4860 /* BikeStationAPI.swift */,
				9A37858329B33F66000F4860 /* BikeStationNetwork.swift */,
			);
			path = Network;
			sourceTree = "<group>";
		};
		9A37858D29B34536000F4860 /* Presentation */ = {
			isa = PBXGroup;
			children = (
				9A37858529B3408F000F4860 /* SelectRegionView.swift */,
				9A37859229B35707000F4860 /* MapView.swift */,
				9A37859429B3592B000F4860 /* BikeStationDetailView.swift */,
				9A37858E29B3478F000F4860 /* BikeStationRow.swift */,
				9A37859029B34BFE000F4860 /* BikeStationList.swift */,
				9A37858929B340B2000F4860 /* SelectRegionViewModel.swift */,
				9A37858B29B3444F000F4860 /* SelectRegionItem.swift */,
			);
			path = Presentation;
			sourceTree = "<group>";
		};
/* End PBXGroup section */

/* Begin PBXNativeTarget section */
		9A37856129B336F7000F4860 /* SeoulBikeMap */ = {
			isa = PBXNativeTarget;
			buildConfigurationList = 9A37857029B336F8000F4860 /* Build configuration list for PBXNativeTarget "SeoulBikeMap" */;
			buildPhases = (
				9A37855E29B336F7000F4860 /* Sources */,
				9A37855F29B336F7000F4860 /* Frameworks */,
				9A37856029B336F7000F4860 /* Resources */,
			);
			buildRules = (
			);
			dependencies = (
			);
			name = SeoulBikeMap;
			productName = SeoulBikeMap;
			productReference = 9A37856229B336F7000F4860 /* SeoulBikeMap.app */;
			productType = "com.apple.product-type.application";
		};
/* End PBXNativeTarget section */

/* Begin PBXProject section */
		9A37855A29B336F7000F4860 /* Project object */ = {
			isa = PBXProject;
			attributes = {
				BuildIndependentTargetsInParallel = 1;
				LastSwiftUpdateCheck = 1420;
				LastUpgradeCheck = 1420;
				TargetAttributes = {
					9A37856129B336F7000F4860 = {
						CreatedOnToolsVersion = 14.2;
					};
				};
			};
			buildConfigurationList = 9A37855D29B336F7000F4860 /* Build configuration list for PBXProject "SeoulBikeMap" */;
			compatibilityVersion = "Xcode 14.0";
			developmentRegion = en;
			hasScannedForEncodings = 0;
			knownRegions = (
				en,
				Base,
			);
			mainGroup = 9A37855929B336F7000F4860;
			productRefGroup = 9A37856329B336F7000F4860 /* Products */;
			projectDirPath = "";
			projectRoot = "";
			targets = (
				9A37856129B336F7000F4860 /* SeoulBikeMap */,
			);
		};
/* End PBXProject section */

/* Begin PBXResourcesBuildPhase section */
		9A37856029B336F7000F4860 /* Resources */ = {
			isa = PBXResourcesBuildPhase;
			buildActionMask = 2147483647;
			files = (
				9A37856D29B336F8000F4860 /* Preview Assets.xcassets in Resources */,
				9A37856A29B336F8000F4860 /* Assets.xcassets in Resources */,
			);
			runOnlyForDeploymentPostprocessing = 0;
		};
/* End PBXResourcesBuildPhase section */

/* Begin PBXSourcesBuildPhase section */
		9A37855E29B336F7000F4860 /* Sources */ = {
			isa = PBXSourcesBuildPhase;
			buildActionMask = 2147483647;
			files = (
				9A37859329B35707000F4860 /* MapView.swift in Sources */,
				9A37857E29B33D4F000F4860 /* BikeStation.swift in Sources */,
				9A37858229B33E2A000F4860 /* BikeStationAPI.swift in Sources */,
				9A37858C29B3444F000F4860 /* SelectRegionItem.swift in Sources */,
				9A37859529B3592B000F4860 /* BikeStationDetailView.swift in Sources */,
				9A37858429B33F66000F4860 /* BikeStationNetwork.swift in Sources */,
				9A37858029B33DED000F4860 /* BikeStationAPIResponse.swift in Sources */,
				9A37856629B336F7000F4860 /* SeoulBikeMapApp.swift in Sources */,
				9A37859129B34BFE000F4860 /* BikeStationList.swift in Sources */,
				9A37858F29B3478F000F4860 /* BikeStationRow.swift in Sources */,
				9A37858629B3408F000F4860 /* SelectRegionView.swift in Sources */,
				9A37858A29B340B2000F4860 /* SelectRegionViewModel.swift in Sources */,
			);
			runOnlyForDeploymentPostprocessing = 0;
		};
/* End PBXSourcesBuildPhase section */

/* Begin XCBuildConfiguration section */
		9A37856E29B336F8000F4860 /* Debug */ = {
			isa = XCBuildConfiguration;
			buildSettings = {
				ALWAYS_SEARCH_USER_PATHS = NO;
				CLANG_ANALYZER_NONNULL = YES;
				CLANG_ANALYZER_NUMBER_OBJECT_CONVERSION = YES_AGGRESSIVE;
				CLANG_CXX_LANGUAGE_STANDARD = "gnu++20";
				CLANG_ENABLE_MODULES = YES;
				CLANG_ENABLE_OBJC_ARC = YES;
				CLANG_ENABLE_OBJC_WEAK = YES;
				CLANG_WARN_BLOCK_CAPTURE_AUTORELEASING = YES;
				CLANG_WARN_BOOL_CONVERSION = YES;
				CLANG_WARN_COMMA = YES;
				CLANG_WARN_CONSTANT_CONVERSION = YES;
				CLANG_WARN_DEPRECATED_OBJC_IMPLEMENTATIONS = YES;
				CLANG_WARN_DIRECT_OBJC_ISA_USAGE = YES_ERROR;
				CLANG_WARN_DOCUMENTATION_COMMENTS = YES;
				CLANG_WARN_EMPTY_BODY = YES;
				CLANG_WARN_ENUM_CONVERSION = YES;
				CLANG_WARN_INFINITE_RECURSION = YES;
				CLANG_WARN_INT_CONVERSION = YES;
				CLANG_WARN_NON_LITERAL_NULL_CONVERSION = YES;
				CLANG_WARN_OBJC_IMPLICIT_RETAIN_SELF = YES;
				CLANG_WARN_OBJC_LITERAL_CONVERSION = YES;
				CLANG_WARN_OBJC_ROOT_CLASS = YES_ERROR;
				CLANG_WARN_QUOTED_INCLUDE_IN_FRAMEWORK_HEADER = YES;
				CLANG_WARN_RANGE_LOOP_ANALYSIS = YES;
				CLANG_WARN_STRICT_PROTOTYPES = YES;
				CLANG_WARN_SUSPICIOUS_MOVE = YES;
				CLANG_WARN_UNGUARDED_AVAILABILITY = YES_AGGRESSIVE;
				CLANG_WARN_UNREACHABLE_CODE = YES;
				CLANG_WARN__DUPLICATE_METHOD_MATCH = YES;
				COPY_PHASE_STRIP = NO;
				DEBUG_INFORMATION_FORMAT = dwarf;
				ENABLE_STRICT_OBJC_MSGSEND = YES;
				ENABLE_TESTABILITY = YES;
				GCC_C_LANGUAGE_STANDARD = gnu11;
				GCC_DYNAMIC_NO_PIC = NO;
				GCC_NO_COMMON_BLOCKS = YES;
				GCC_OPTIMIZATION_LEVEL = 0;
				GCC_PREPROCESSOR_DEFINITIONS = (
					"DEBUG=1",
					"$(inherited)",
				);
				GCC_WARN_64_TO_32_BIT_CONVERSION = YES;
				GCC_WARN_ABOUT_RETURN_TYPE = YES_ERROR;
				GCC_WARN_UNDECLARED_SELECTOR = YES;
				GCC_WARN_UNINITIALIZED_AUTOS = YES_AGGRESSIVE;
				GCC_WARN_UNUSED_FUNCTION = YES;
				GCC_WARN_UNUSED_VARIABLE = YES;
				IPHONEOS_DEPLOYMENT_TARGET = 16.2;
				MTL_ENABLE_DEBUG_INFO = INCLUDE_SOURCE;
				MTL_FAST_MATH = YES;
				ONLY_ACTIVE_ARCH = YES;
				SDKROOT = iphoneos;
				SWIFT_ACTIVE_COMPILATION_CONDITIONS = DEBUG;
				SWIFT_OPTIMIZATION_LEVEL = "-Onone";
			};
			name = Debug;
		};
		9A37856F29B336F8000F4860 /* Release */ = {
			isa = XCBuildConfiguration;
			buildSettings = {
				ALWAYS_SEARCH_USER_PATHS = NO;
				CLANG_ANALYZER_NONNULL = YES;
				CLANG_ANALYZER_NUMBER_OBJECT_CONVERSION = YES_AGGRESSIVE;
				CLANG_CXX_LANGUAGE_STANDARD = "gnu++20";
				CLANG_ENABLE_MODULES = YES;
				CLANG_ENABLE_OBJC_ARC = YES;
				CLANG_ENABLE_OBJC_WEAK = YES;
				CLANG_WARN_BLOCK_CAPTURE_AUTORELEASING = YES;
				CLANG_WARN_BOOL_CONVERSION = YES;
				CLANG_WARN_COMMA = YES;
				CLANG_WARN_CONSTANT_CONVERSION = YES;
				CLANG_WARN_DEPRECATED_OBJC_IMPLEMENTATIONS = YES;
				CLANG_WARN_DIRECT_OBJC_ISA_USAGE = YES_ERROR;
				CLANG_WARN_DOCUMENTATION_COMMENTS = YES;
				CLANG_WARN_EMPTY_BODY = YES;
				CLANG_WARN_ENUM_CONVERSION = YES;
				CLANG_WARN_INFINITE_RECURSION = YES;
				CLANG_WARN_INT_CONVERSION = YES;
				CLANG_WARN_NON_LITERAL_NULL_CONVERSION = YES;
				CLANG_WARN_OBJC_IMPLICIT_RETAIN_SELF = YES;
				CLANG_WARN_OBJC_LITERAL_CONVERSION = YES;
				CLANG_WARN_OBJC_ROOT_CLASS = YES_ERROR;
				CLANG_WARN_QUOTED_INCLUDE_IN_FRAMEWORK_HEADER = YES;
				CLANG_WARN_RANGE_LOOP_ANALYSIS = YES;
				CLANG_WARN_STRICT_PROTOTYPES = YES;
				CLANG_WARN_SUSPICIOUS_MOVE = YES;
				CLANG_WARN_UNGUARDED_AVAILABILITY = YES_AGGRESSIVE;
				CLANG_WARN_UNREACHABLE_CODE = YES;
				CLANG_WARN__DUPLICATE_METHOD_MATCH = YES;
				COPY_PHASE_STRIP = NO;
				DEBUG_INFORMATION_FORMAT = "dwarf-with-dsym";
				ENABLE_NS_ASSERTIONS = NO;
				ENABLE_STRICT_OBJC_MSGSEND = YES;
				GCC_C_LANGUAGE_STANDARD = gnu11;
				GCC_NO_COMMON_BLOCKS = YES;
				GCC_WARN_64_TO_32_BIT_CONVERSION = YES;
				GCC_WARN_ABOUT_RETURN_TYPE = YES_ERROR;
				GCC_WARN_UNDECLARED_SELECTOR = YES;
				GCC_WARN_UNINITIALIZED_AUTOS = YES_AGGRESSIVE;
				GCC_WARN_UNUSED_FUNCTION = YES;
				GCC_WARN_UNUSED_VARIABLE = YES;
				IPHONEOS_DEPLOYMENT_TARGET = 16.2;
				MTL_ENABLE_DEBUG_INFO = NO;
				MTL_FAST_MATH = YES;
				SDKROOT = iphoneos;
				SWIFT_COMPILATION_MODE = wholemodule;
				SWIFT_OPTIMIZATION_LEVEL = "-O";
				VALIDATE_PRODUCT = YES;
			};
			name = Release;
		};
		9A37857129B336F8000F4860 /* Debug */ = {
			isa = XCBuildConfiguration;
			buildSettings = {
				ASSETCATALOG_COMPILER_APPICON_NAME = AppIcon;
				ASSETCATALOG_COMPILER_GLOBAL_ACCENT_COLOR_NAME = AccentColor;
				CODE_SIGN_STYLE = Automatic;
				CURRENT_PROJECT_VERSION = 1;
				DEVELOPMENT_ASSET_PATHS = "\"SeoulBikeMap/Preview Content\"";
				ENABLE_PREVIEWS = YES;
				GENERATE_INFOPLIST_FILE = YES;
				INFOPLIST_FILE = SeoulBikeMap/Info.plist;
				INFOPLIST_KEY_UIApplicationSupportsIndirectInputEvents = YES;
				INFOPLIST_KEY_UILaunchScreen_Generation = YES;
				INFOPLIST_KEY_UISupportedInterfaceOrientations_iPad = "UIInterfaceOrientationPortrait UIInterfaceOrientationPortraitUpsideDown UIInterfaceOrientationLandscapeLeft UIInterfaceOrientationLandscapeRight";
				INFOPLIST_KEY_UISupportedInterfaceOrientations_iPhone = "UIInterfaceOrientationPortrait UIInterfaceOrientationLandscapeLeft UIInterfaceOrientationLandscapeRight";
				LD_RUNPATH_SEARCH_PATHS = (
					"$(inherited)",
					"@executable_path/Frameworks",
				);
				MARKETING_VERSION = 1.0;
				PRODUCT_BUNDLE_IDENTIFIER = helloworld.SeoulBikeMap;
				PRODUCT_NAME = "$(TARGET_NAME)";
				SWIFT_EMIT_LOC_STRINGS = YES;
				SWIFT_VERSION = 5.0;
				TARGETED_DEVICE_FAMILY = "1,2";
			};
			name = Debug;
		};
		9A37857229B336F8000F4860 /* Release */ = {
			isa = XCBuildConfiguration;
			buildSettings = {
				ASSETCATALOG_COMPILER_APPICON_NAME = AppIcon;
				ASSETCATALOG_COMPILER_GLOBAL_ACCENT_COLOR_NAME = AccentColor;
				CODE_SIGN_STYLE = Automatic;
				CURRENT_PROJECT_VERSION = 1;
				DEVELOPMENT_ASSET_PATHS = "\"SeoulBikeMap/Preview Content\"";
				ENABLE_PREVIEWS = YES;
				GENERATE_INFOPLIST_FILE = YES;
				INFOPLIST_FILE = SeoulBikeMap/Info.plist;
				INFOPLIST_KEY_UIApplicationSupportsIndirectInputEvents = YES;
				INFOPLIST_KEY_UILaunchScreen_Generation = YES;
				INFOPLIST_KEY_UISupportedInterfaceOrientations_iPad = "UIInterfaceOrientationPortrait UIInterfaceOrientationPortraitUpsideDown UIInterfaceOrientationLandscapeLeft UIInterfaceOrientationLandscapeRight";
				INFOPLIST_KEY_UISupportedInterfaceOrientations_iPhone = "UIInterfaceOrientationPortrait UIInterfaceOrientationLandscapeLeft UIInterfaceOrientationLandscapeRight";
				LD_RUNPATH_SEARCH_PATHS = (
					"$(inherited)",
					"@executable_path/Frameworks",
				);
				MARKETING_VERSION = 1.0;
				PRODUCT_BUNDLE_IDENTIFIER = helloworld.SeoulBikeMap;
				PRODUCT_NAME = "$(TARGET_NAME)";
				SWIFT_EMIT_LOC_STRINGS = YES;
				SWIFT_VERSION = 5.0;
				TARGETED_DEVICE_FAMILY = "1,2";
			};
			name = Release;
		};
/* End XCBuildConfiguration section */

/* Begin XCConfigurationList section */
		9A37855D29B336F7000F4860 /* Build configuration list for PBXProject "SeoulBikeMap" */ = {
			isa = XCConfigurationList;
			buildConfigurations = (
				9A37856E29B336F8000F4860 /* Debug */,
				9A37856F29B336F8000F4860 /* Release */,
			);
			defaultConfigurationIsVisible = 0;
			defaultConfigurationName = Release;
		};
		9A37857029B336F8000F4860 /* Build configuration list for PBXNativeTarget "SeoulBikeMap" */ = {
			isa = XCConfigurationList;
			buildConfigurations = (
				9A37857129B336F8000F4860 /* Debug */,
				9A37857229B336F8000F4860 /* Release */,
			);
			defaultConfigurationIsVisible = 0;
			defaultConfigurationName = Release;
		};
/* End XCConfigurationList section */
	};
	rootObject = 9A37855A29B336F7000F4860 /* Project object */;
}
